// !$*UTF8*$!
{
	archiveVersion = 1;
	classes = {
	};
	objectVersion = 50;
	objects = {

/* Begin PBXBuildFile section */
		AC1F9494209C6F1C00F04A1C /* LaunchScreen.storyboard in Resources */ = {isa = PBXBuildFile; fileRef = AC1F9493209C6F1C00F04A1C /* LaunchScreen.storyboard */; };
		AC1F9496209C706300F04A1C /* TableViewExampleViewController.swift in Sources */ = {isa = PBXBuildFile; fileRef = AC1F9495209C706300F04A1C /* TableViewExampleViewController.swift */; };
		AC1F9498209C907000F04A1C /* Coverable+UIKit.swift in Sources */ = {isa = PBXBuildFile; fileRef = AC1F9497209C907000F04A1C /* Coverable+UIKit.swift */; };
		AC1F949A209C909B00F04A1C /* UIBezierPath+.swift in Sources */ = {isa = PBXBuildFile; fileRef = AC1F9499209C909B00F04A1C /* UIBezierPath+.swift */; };
		AC6738CF20A4A31E00458DE5 /* CollectionViewExampleViewController.swift in Sources */ = {isa = PBXBuildFile; fileRef = AC6738CE20A4A31E00458DE5 /* CollectionViewExampleViewController.swift */; };
		AC9A00332094F32A003E6375 /* AppDelegate.swift in Sources */ = {isa = PBXBuildFile; fileRef = AC9A00322094F32A003E6375 /* AppDelegate.swift */; };
		AC9A00352094F32A003E6375 /* MixedComponentsExampleViewController.swift in Sources */ = {isa = PBXBuildFile; fileRef = AC9A00342094F32A003E6375 /* MixedComponentsExampleViewController.swift */; };
		AC9A00382094F32A003E6375 /* Main.storyboard in Resources */ = {isa = PBXBuildFile; fileRef = AC9A00362094F32A003E6375 /* Main.storyboard */; };
		AC9A003A2094F32B003E6375 /* Assets.xcassets in Resources */ = {isa = PBXBuildFile; fileRef = AC9A00392094F32B003E6375 /* Assets.xcassets */; };
		AC9A00482094F34D003E6375 /* LoadingPlaceholderView.swift in Sources */ = {isa = PBXBuildFile; fileRef = AC9A00452094F34D003E6375 /* LoadingPlaceholderView.swift */; };
		AC9A00492094F34D003E6375 /* Coverable.swift in Sources */ = {isa = PBXBuildFile; fileRef = AC9A00462094F34D003E6375 /* Coverable.swift */; };
/* End PBXBuildFile section */

/* Begin PBXFileReference section */
		AC1F9493209C6F1C00F04A1C /* LaunchScreen.storyboard */ = {isa = PBXFileReference; fileEncoding = 4; lastKnownFileType = file.storyboard; path = LaunchScreen.storyboard; sourceTree = "<group>"; };
		AC1F9495209C706300F04A1C /* TableViewExampleViewController.swift */ = {isa = PBXFileReference; lastKnownFileType = sourcecode.swift; path = TableViewExampleViewController.swift; sourceTree = "<group>"; };
		AC1F9497209C907000F04A1C /* Coverable+UIKit.swift */ = {isa = PBXFileReference; lastKnownFileType = sourcecode.swift; path = "Coverable+UIKit.swift"; sourceTree = "<group>"; };
		AC1F9499209C909B00F04A1C /* UIBezierPath+.swift */ = {isa = PBXFileReference; lastKnownFileType = sourcecode.swift; path = "UIBezierPath+.swift"; sourceTree = "<group>"; };
		AC6738CE20A4A31E00458DE5 /* CollectionViewExampleViewController.swift */ = {isa = PBXFileReference; lastKnownFileType = sourcecode.swift; path = CollectionViewExampleViewController.swift; sourceTree = "<group>"; };
		AC9A002F2094F32A003E6375 /* LoadingPlaceholderViewDemo.app */ = {isa = PBXFileReference; explicitFileType = wrapper.application; includeInIndex = 0; path = LoadingPlaceholderViewDemo.app; sourceTree = BUILT_PRODUCTS_DIR; };
		AC9A00322094F32A003E6375 /* AppDelegate.swift */ = {isa = PBXFileReference; lastKnownFileType = sourcecode.swift; path = AppDelegate.swift; sourceTree = "<group>"; };
		AC9A00342094F32A003E6375 /* MixedComponentsExampleViewController.swift */ = {isa = PBXFileReference; lastKnownFileType = sourcecode.swift; path = MixedComponentsExampleViewController.swift; sourceTree = "<group>"; };
		AC9A00372094F32A003E6375 /* Base */ = {isa = PBXFileReference; lastKnownFileType = file.storyboard; name = Base; path = Base.lproj/Main.storyboard; sourceTree = "<group>"; };
		AC9A00392094F32B003E6375 /* Assets.xcassets */ = {isa = PBXFileReference; lastKnownFileType = folder.assetcatalog; path = Assets.xcassets; sourceTree = "<group>"; };
		AC9A003E2094F32B003E6375 /* Info.plist */ = {isa = PBXFileReference; lastKnownFileType = text.plist.xml; path = Info.plist; sourceTree = "<group>"; };
		AC9A00452094F34D003E6375 /* LoadingPlaceholderView.swift */ = {isa = PBXFileReference; fileEncoding = 4; lastKnownFileType = sourcecode.swift; path = LoadingPlaceholderView.swift; sourceTree = "<group>"; };
		AC9A00462094F34D003E6375 /* Coverable.swift */ = {isa = PBXFileReference; fileEncoding = 4; lastKnownFileType = sourcecode.swift; path = Coverable.swift; sourceTree = "<group>"; };
/* End PBXFileReference section */

/* Begin PBXFrameworksBuildPhase section */
		AC9A002C2094F32A003E6375 /* Frameworks */ = {
			isa = PBXFrameworksBuildPhase;
			buildActionMask = 2147483647;
			files = (
			);
			runOnlyForDeploymentPostprocessing = 0;
		};
/* End PBXFrameworksBuildPhase section */

/* Begin PBXGroup section */
		AC1F9490209C6ED900F04A1C /* Examples */ = {
			isa = PBXGroup;
			children = (
				AC6738CE20A4A31E00458DE5 /* CollectionViewExampleViewController.swift */,
				AC9A00342094F32A003E6375 /* MixedComponentsExampleViewController.swift */,
				AC1F9495209C706300F04A1C /* TableViewExampleViewController.swift */,
			);
			path = Examples;
			sourceTree = "<group>";
		};
		AC1F9492209C6EF000F04A1C /* Supporting files */ = {
			isa = PBXGroup;
			children = (
				AC9A003E2094F32B003E6375 /* Info.plist */,
				AC1F9493209C6F1C00F04A1C /* LaunchScreen.storyboard */,
				AC9A00392094F32B003E6375 /* Assets.xcassets */,
			);
			path = "Supporting files";
			sourceTree = "<group>";
		};
		AC9A00262094F32A003E6375 = {
			isa = PBXGroup;
			children = (
				AC9A00312094F32A003E6375 /* LoadingPlaceholderViewDemo */,
				AC9A00302094F32A003E6375 /* Products */,
			);
			sourceTree = "<group>";
		};
		AC9A00302094F32A003E6375 /* Products */ = {
			isa = PBXGroup;
			children = (
				AC9A002F2094F32A003E6375 /* LoadingPlaceholderViewDemo.app */,
			);
			name = Products;
			sourceTree = "<group>";
		};
		AC9A00312094F32A003E6375 /* LoadingPlaceholderViewDemo */ = {
			isa = PBXGroup;
			children = (
				AC9A00322094F32A003E6375 /* AppDelegate.swift */,
				AC1F9490209C6ED900F04A1C /* Examples */,
				AC9A00442094F34D003E6375 /* LoadingPlaceholderView */,
				AC9A00362094F32A003E6375 /* Main.storyboard */,
				AC1F9492209C6EF000F04A1C /* Supporting files */,
			);
			path = LoadingPlaceholderViewDemo;
			sourceTree = "<group>";
		};
		AC9A00442094F34D003E6375 /* LoadingPlaceholderView */ = {
			isa = PBXGroup;
			children = (
				AC9A00462094F34D003E6375 /* Coverable.swift */,
				AC1F9497209C907000F04A1C /* Coverable+UIKit.swift */,
				AC9A00452094F34D003E6375 /* LoadingPlaceholderView.swift */,
				AC1F9499209C909B00F04A1C /* UIBezierPath+.swift */,
			);
			path = LoadingPlaceholderView;
			sourceTree = "<group>";
		};
/* End PBXGroup section */

/* Begin PBXNativeTarget section */
		AC9A002E2094F32A003E6375 /* LoadingPlaceholderViewDemo */ = {
			isa = PBXNativeTarget;
			buildConfigurationList = AC9A00412094F32B003E6375 /* Build configuration list for PBXNativeTarget "LoadingPlaceholderViewDemo" */;
			buildPhases = (
				AC9A002B2094F32A003E6375 /* Sources */,
				AC9A002C2094F32A003E6375 /* Frameworks */,
				AC9A002D2094F32A003E6375 /* Resources */,
			);
			buildRules = (
			);
			dependencies = (
			);
			name = LoadingPlaceholderViewDemo;
			productName = LoadingPlaceholderViewDemo;
			productReference = AC9A002F2094F32A003E6375 /* LoadingPlaceholderViewDemo.app */;
			productType = "com.apple.product-type.application";
		};
/* End PBXNativeTarget section */

/* Begin PBXProject section */
		AC9A00272094F32A003E6375 /* Project object */ = {
			isa = PBXProject;
			attributes = {
				LastSwiftUpdateCheck = 0930;
				LastUpgradeCheck = 0930;
				ORGANIZATIONNAME = Mario;
				TargetAttributes = {
					AC9A002E2094F32A003E6375 = {
						CreatedOnToolsVersion = 9.3;
					};
				};
			};
			buildConfigurationList = AC9A002A2094F32A003E6375 /* Build configuration list for PBXProject "LoadingPlaceholderViewDemo" */;
			compatibilityVersion = "Xcode 9.3";
			developmentRegion = en;
			hasScannedForEncodings = 0;
			knownRegions = (
				en,
				Base,
			);
			mainGroup = AC9A00262094F32A003E6375;
			productRefGroup = AC9A00302094F32A003E6375 /* Products */;
			projectDirPath = "";
			projectRoot = "";
			targets = (
				AC9A002E2094F32A003E6375 /* LoadingPlaceholderViewDemo */,
			);
		};
/* End PBXProject section */

/* Begin PBXResourcesBuildPhase section */
		AC9A002D2094F32A003E6375 /* Resources */ = {
			isa = PBXResourcesBuildPhase;
			buildActionMask = 2147483647;
			files = (
				AC1F9494209C6F1C00F04A1C /* LaunchScreen.storyboard in Resources */,
				AC9A003A2094F32B003E6375 /* Assets.xcassets in Resources */,
				AC9A00382094F32A003E6375 /* Main.storyboard in Resources */,
			);
			runOnlyForDeploymentPostprocessing = 0;
		};
/* End PBXResourcesBuildPhase section */

/* Begin PBXSourcesBuildPhase section */
		AC9A002B2094F32A003E6375 /* Sources */ = {
			isa = PBXSourcesBuildPhase;
			buildActionMask = 2147483647;
			files = (
				AC9A00492094F34D003E6375 /* Coverable.swift in Sources */,
				AC9A00352094F32A003E6375 /* MixedComponentsExampleViewController.swift in Sources */,
				AC9A00332094F32A003E6375 /* AppDelegate.swift in Sources */,
				AC1F9498209C907000F04A1C /* Coverable+UIKit.swift in Sources */,
				AC1F9496209C706300F04A1C /* TableViewExampleViewController.swift in Sources */,
				AC1F949A209C909B00F04A1C /* UIBezierPath+.swift in Sources */,
				AC9A00482094F34D003E6375 /* LoadingPlaceholderView.swift in Sources */,
				AC6738CF20A4A31E00458DE5 /* CollectionViewExampleViewController.swift in Sources */,
			);
			runOnlyForDeploymentPostprocessing = 0;
		};
/* End PBXSourcesBuildPhase section */

/* Begin PBXVariantGroup section */
		AC9A00362094F32A003E6375 /* Main.storyboard */ = {
			isa = PBXVariantGroup;
			children = (
				AC9A00372094F32A003E6375 /* Base */,
			);
			name = Main.storyboard;
			sourceTree = "<group>";
		};
/* End PBXVariantGroup section */

/* Begin XCBuildConfiguration section */
		AC9A003F2094F32B003E6375 /* Debug */ = {
			isa = XCBuildConfiguration;
			buildSettings = {
				ALWAYS_SEARCH_USER_PATHS = NO;
				CLANG_ANALYZER_NONNULL = YES;
				CLANG_ANALYZER_NUMBER_OBJECT_CONVERSION = YES_AGGRESSIVE;
				CLANG_CXX_LANGUAGE_STANDARD = "gnu++14";
				CLANG_CXX_LIBRARY = "libc++";
				CLANG_ENABLE_MODULES = YES;
				CLANG_ENABLE_OBJC_ARC = YES;
				CLANG_ENABLE_OBJC_WEAK = YES;
				CLANG_WARN_BLOCK_CAPTURE_AUTORELEASING = YES;
				CLANG_WARN_BOOL_CONVERSION = YES;
				CLANG_WARN_COMMA = YES;
				CLANG_WARN_CONSTANT_CONVERSION = YES;
				CLANG_WARN_DEPRECATED_OBJC_IMPLEMENTATIONS = YES;
				CLANG_WARN_DIRECT_OBJC_ISA_USAGE = YES_ERROR;
				CLANG_WARN_DOCUMENTATION_COMMENTS = YES;
				CLANG_WARN_EMPTY_BODY = YES;
				CLANG_WARN_ENUM_CONVERSION = YES;
				CLANG_WARN_INFINITE_RECURSION = YES;
				CLANG_WARN_INT_CONVERSION = YES;
				CLANG_WARN_NON_LITERAL_NULL_CONVERSION = YES;
				CLANG_WARN_OBJC_IMPLICIT_RETAIN_SELF = YES;
				CLANG_WARN_OBJC_LITERAL_CONVERSION = YES;
				CLANG_WARN_OBJC_ROOT_CLASS = YES_ERROR;
				CLANG_WARN_RANGE_LOOP_ANALYSIS = YES;
				CLANG_WARN_STRICT_PROTOTYPES = YES;
				CLANG_WARN_SUSPICIOUS_MOVE = YES;
				CLANG_WARN_UNGUARDED_AVAILABILITY = YES_AGGRESSIVE;
				CLANG_WARN_UNREACHABLE_CODE = YES;
				CLANG_WARN__DUPLICATE_METHOD_MATCH = YES;
				CODE_SIGN_IDENTITY = "iPhone Developer";
				COPY_PHASE_STRIP = NO;
				DEBUG_INFORMATION_FORMAT = dwarf;
				ENABLE_STRICT_OBJC_MSGSEND = YES;
				ENABLE_TESTABILITY = YES;
				GCC_C_LANGUAGE_STANDARD = gnu11;
				GCC_DYNAMIC_NO_PIC = NO;
				GCC_NO_COMMON_BLOCKS = YES;
				GCC_OPTIMIZATION_LEVEL = 0;
				GCC_PREPROCESSOR_DEFINITIONS = (
					"DEBUG=1",
					"$(inherited)",
				);
				GCC_WARN_64_TO_32_BIT_CONVERSION = YES;
				GCC_WARN_ABOUT_RETURN_TYPE = YES_ERROR;
				GCC_WARN_UNDECLARED_SELECTOR = YES;
				GCC_WARN_UNINITIALIZED_AUTOS = YES_AGGRESSIVE;
				GCC_WARN_UNUSED_FUNCTION = YES;
				GCC_WARN_UNUSED_VARIABLE = YES;
				IPHONEOS_DEPLOYMENT_TARGET = 9.0;
				MTL_ENABLE_DEBUG_INFO = YES;
				ONLY_ACTIVE_ARCH = YES;
				SDKROOT = iphoneos;
				SWIFT_ACTIVE_COMPILATION_CONDITIONS = DEBUG;
				SWIFT_OPTIMIZATION_LEVEL = "-Onone";
			};
			name = Debug;
		};
		AC9A00402094F32B003E6375 /* Release */ = {
			isa = XCBuildConfiguration;
			buildSettings = {
				ALWAYS_SEARCH_USER_PATHS = NO;
				CLANG_ANALYZER_NONNULL = YES;
				CLANG_ANALYZER_NUMBER_OBJECT_CONVERSION = YES_AGGRESSIVE;
				CLANG_CXX_LANGUAGE_STANDARD = "gnu++14";
				CLANG_CXX_LIBRARY = "libc++";
				CLANG_ENABLE_MODULES = YES;
				CLANG_ENABLE_OBJC_ARC = YES;
				CLANG_ENABLE_OBJC_WEAK = YES;
				CLANG_WARN_BLOCK_CAPTURE_AUTORELEASING = YES;
				CLANG_WARN_BOOL_CONVERSION = YES;
				CLANG_WARN_COMMA = YES;
				CLANG_WARN_CONSTANT_CONVERSION = YES;
				CLANG_WARN_DEPRECATED_OBJC_IMPLEMENTATIONS = YES;
				CLANG_WARN_DIRECT_OBJC_ISA_USAGE = YES_ERROR;
				CLANG_WARN_DOCUMENTATION_COMMENTS = YES;
				CLANG_WARN_EMPTY_BODY = YES;
				CLANG_WARN_ENUM_CONVERSION = YES;
				CLANG_WARN_INFINITE_RECURSION = YES;
				CLANG_WARN_INT_CONVERSION = YES;
				CLANG_WARN_NON_LITERAL_NULL_CONVERSION = YES;
				CLANG_WARN_OBJC_IMPLICIT_RETAIN_SELF = YES;
				CLANG_WARN_OBJC_LITERAL_CONVERSION = YES;
				CLANG_WARN_OBJC_ROOT_CLASS = YES_ERROR;
				CLANG_WARN_RANGE_LOOP_ANALYSIS = YES;
				CLANG_WARN_STRICT_PROTOTYPES = YES;
				CLANG_WARN_SUSPICIOUS_MOVE = YES;
				CLANG_WARN_UNGUARDED_AVAILABILITY = YES_AGGRESSIVE;
				CLANG_WARN_UNREACHABLE_CODE = YES;
				CLANG_WARN__DUPLICATE_METHOD_MATCH = YES;
				CODE_SIGN_IDENTITY = "iPhone Developer";
				COPY_PHASE_STRIP = NO;
				DEBUG_INFORMATION_FORMAT = "dwarf-with-dsym";
				ENABLE_NS_ASSERTIONS = NO;
				ENABLE_STRICT_OBJC_MSGSEND = YES;
				GCC_C_LANGUAGE_STANDARD = gnu11;
				GCC_NO_COMMON_BLOCKS = YES;
				GCC_WARN_64_TO_32_BIT_CONVERSION = YES;
				GCC_WARN_ABOUT_RETURN_TYPE = YES_ERROR;
				GCC_WARN_UNDECLARED_SELECTOR = YES;
				GCC_WARN_UNINITIALIZED_AUTOS = YES_AGGRESSIVE;
				GCC_WARN_UNUSED_FUNCTION = YES;
				GCC_WARN_UNUSED_VARIABLE = YES;
				IPHONEOS_DEPLOYMENT_TARGET = 9.0;
				MTL_ENABLE_DEBUG_INFO = NO;
				SDKROOT = iphoneos;
				SWIFT_COMPILATION_MODE = wholemodule;
				SWIFT_OPTIMIZATION_LEVEL = "-O";
				VALIDATE_PRODUCT = YES;
			};
			name = Release;
		};
		AC9A00422094F32B003E6375 /* Debug */ = {
			isa = XCBuildConfiguration;
			buildSettings = {
				ASSETCATALOG_COMPILER_APPICON_NAME = AppIcon;
				CODE_SIGN_STYLE = Automatic;
				DEVELOPMENT_TEAM = X9253HG4XT;
				INFOPLIST_FILE = "$(SRCROOT)/LoadingPlaceholderViewDemo/Supporting files/Info.plist";
				LD_RUNPATH_SEARCH_PATHS = (
					"$(inherited)",
					"@executable_path/Frameworks",
				);
				PRODUCT_BUNDLE_IDENTIFIER = com.pradagroup.LoadingPlaceholderViewDemo;
				PRODUCT_NAME = "$(TARGET_NAME)";
				SWIFT_VERSION = 4.0;
				TARGETED_DEVICE_FAMILY = "1,2";
			};
			name = Debug;
		};
		AC9A00432094F32B003E6375 /* Release */ = {
			isa = XCBuildConfiguration;
			buildSettings = {
				ASSETCATALOG_COMPILER_APPICON_NAME = AppIcon;
				CODE_SIGN_STYLE = Automatic;
				DEVELOPMENT_TEAM = X9253HG4XT;
				INFOPLIST_FILE = "$(SRCROOT)/LoadingPlaceholderViewDemo/Supporting files/Info.plist";
				LD_RUNPATH_SEARCH_PATHS = (
					"$(inherited)",
					"@executable_path/Frameworks",
				);
				PRODUCT_BUNDLE_IDENTIFIER = com.pradagroup.LoadingPlaceholderViewDemo;
				PRODUCT_NAME = "$(TARGET_NAME)";
				SWIFT_VERSION = 4.0;
				TARGETED_DEVICE_FAMILY = "1,2";
			};
			name = Release;
		};
/* End XCBuildConfiguration section */

/* Begin XCConfigurationList section */
		AC9A002A2094F32A003E6375 /* Build configuration list for PBXProject "LoadingPlaceholderViewDemo" */ = {
			isa = XCConfigurationList;
			buildConfigurations = (
				AC9A003F2094F32B003E6375 /* Debug */,
				AC9A00402094F32B003E6375 /* Release */,
			);
			defaultConfigurationIsVisible = 0;
			defaultConfigurationName = Release;
		};
		AC9A00412094F32B003E6375 /* Build configuration list for PBXNativeTarget "LoadingPlaceholderViewDemo" */ = {
			isa = XCConfigurationList;
			buildConfigurations = (
				AC9A00422094F32B003E6375 /* Debug */,
				AC9A00432094F32B003E6375 /* Release */,
			);
			defaultConfigurationIsVisible = 0;
			defaultConfigurationName = Release;
		};
/* End XCConfigurationList section */
	};
	rootObject = AC9A00272094F32A003E6375 /* Project object */;
}
